{
  "pins" : [
    {
      "identity" : "maps-sdk-ios",
      "kind" : "remoteSourceControl",
      "location" : "https://github.com/vietmap-company/maps-sdk-ios.git",
      "state" : {
        "revision" : "b2d1292aecb12cf8cc5c71cd362928763c9794ba",
        "version" : "1.0.0"
      }
    }
  ],
  "version" : 2
}
