// !$*UTF8*$!
{
	archiveVersion = 1;
	classes = {
	};
	objectVersion = 56;
	objects = {

/* Begin PBXBuildFile section */
		0BCA885452282E73FB0BF121 /* Pods_VietmapNavigationSample.framework in Frameworks */ = {isa = PBXBuildFile; fileRef = 63A5C8BF3E4F5AD2B282A957 /* Pods_VietmapNavigationSample.framework */; };
		BE01A40A2A737F8C007E9A9C /* VietMapCoreNavigation.xcframework in Frameworks */ = {isa = PBXBuildFile; fileRef = BE01A4062A737F7E007E9A9C /* VietMapCoreNavigation.xcframework */; };
		BE01A40B2A737F8C007E9A9C /* VietMapCoreNavigation.xcframework in Embed Frameworks */ = {isa = PBXBuildFile; fileRef = BE01A4062A737F7E007E9A9C /* VietMapCoreNavigation.xcframework */; settings = {ATTRIBUTES = (CodeSignOnCopy, RemoveHeadersOnCopy, ); }; };
		BE01A40C2A737F8E007E9A9C /* VietMapNavigation.xcframework in Frameworks */ = {isa = PBXBuildFile; fileRef = BE01A4072A737F7E007E9A9C /* VietMapNavigation.xcframework */; };
		BE01A40D2A737F8E007E9A9C /* VietMapNavigation.xcframework in Embed Frameworks */ = {isa = PBXBuildFile; fileRef = BE01A4072A737F7E007E9A9C /* VietMapNavigation.xcframework */; settings = {ATTRIBUTES = (CodeSignOnCopy, RemoveHeadersOnCopy, ); }; };
		BE09FB692A2D88E600BDEB8E /* MapboxDirections.xcframework in Frameworks */ = {isa = PBXBuildFile; fileRef = BE09FB592A2D88E000BDEB8E /* MapboxDirections.xcframework */; };
		BE09FB6A2A2D88E600BDEB8E /* MapboxDirections.xcframework in Embed Frameworks */ = {isa = PBXBuildFile; fileRef = BE09FB592A2D88E000BDEB8E /* MapboxDirections.xcframework */; settings = {ATTRIBUTES = (CodeSignOnCopy, RemoveHeadersOnCopy, ); }; };
		BE09FB6B2A2D88E800BDEB8E /* MapboxGeocoder.xcframework in Frameworks */ = {isa = PBXBuildFile; fileRef = BE09FB582A2D88E000BDEB8E /* MapboxGeocoder.xcframework */; };
		BE09FB6C2A2D88E800BDEB8E /* MapboxGeocoder.xcframework in Embed Frameworks */ = {isa = PBXBuildFile; fileRef = BE09FB582A2D88E000BDEB8E /* MapboxGeocoder.xcframework */; settings = {ATTRIBUTES = (CodeSignOnCopy, RemoveHeadersOnCopy, ); }; };
		BE09FB712A2D88F500BDEB8E /* MapboxSpeech.xcframework in Frameworks */ = {isa = PBXBuildFile; fileRef = BE09FB5A2A2D88E000BDEB8E /* MapboxSpeech.xcframework */; };
		BE09FB722A2D88F500BDEB8E /* MapboxSpeech.xcframework in Embed Frameworks */ = {isa = PBXBuildFile; fileRef = BE09FB5A2A2D88E000BDEB8E /* MapboxSpeech.xcframework */; settings = {ATTRIBUTES = (CodeSignOnCopy, RemoveHeadersOnCopy, ); }; };
		BE09FB732A2D88F600BDEB8E /* Polyline.xcframework in Frameworks */ = {isa = PBXBuildFile; fileRef = BE09FB562A2D88E000BDEB8E /* Polyline.xcframework */; };
		BE09FB742A2D88F600BDEB8E /* Polyline.xcframework in Embed Frameworks */ = {isa = PBXBuildFile; fileRef = BE09FB562A2D88E000BDEB8E /* Polyline.xcframework */; settings = {ATTRIBUTES = (CodeSignOnCopy, RemoveHeadersOnCopy, ); }; };
		BE09FB752A2D88F800BDEB8E /* Solar.xcframework in Frameworks */ = {isa = PBXBuildFile; fileRef = BE09FB572A2D88E000BDEB8E /* Solar.xcframework */; };
		BE09FB762A2D88F800BDEB8E /* Solar.xcframework in Embed Frameworks */ = {isa = PBXBuildFile; fileRef = BE09FB572A2D88E000BDEB8E /* Solar.xcframework */; settings = {ATTRIBUTES = (CodeSignOnCopy, RemoveHeadersOnCopy, ); }; };
		BE09FB772A2D88F900BDEB8E /* Turf.xcframework in Frameworks */ = {isa = PBXBuildFile; fileRef = BE09FB5D2A2D88E000BDEB8E /* Turf.xcframework */; };
		BE09FB782A2D88F900BDEB8E /* Turf.xcframework in Embed Frameworks */ = {isa = PBXBuildFile; fileRef = BE09FB5D2A2D88E000BDEB8E /* Turf.xcframework */; settings = {ATTRIBUTES = (CodeSignOnCopy, RemoveHeadersOnCopy, ); }; };
		BEA06EC52A4A9EBC00B89772 /* LocationModel.swift in Sources */ = {isa = PBXBuildFile; fileRef = BEA06EC42A4A9EBC00B89772 /* LocationModel.swift */; };
		BEAB825429EE591E00B910D2 /* SpotARVisualInstructionDelegate.swift in Sources */ = {isa = PBXBuildFile; fileRef = BEAB824F29EE591D00B910D2 /* SpotARVisualInstructionDelegate.swift */; };
		BEAB825529EE591E00B910D2 /* SpotARNavigationViewController.swift in Sources */ = {isa = PBXBuildFile; fileRef = BEAB825029EE591D00B910D2 /* SpotARNavigationViewController.swift */; };
		BEAB825629EE591E00B910D2 /* SpotARVoiceControllerDelegate.swift in Sources */ = {isa = PBXBuildFile; fileRef = BEAB825129EE591D00B910D2 /* SpotARVoiceControllerDelegate.swift */; };
		BEAB825729EE591E00B910D2 /* SpotARNavigationUIDelegate.swift in Sources */ = {isa = PBXBuildFile; fileRef = BEAB825229EE591D00B910D2 /* SpotARNavigationUIDelegate.swift */; };
		BEAB825829EE591E00B910D2 /* SpotARNavigationViewControllerDelegate.swift in Sources */ = {isa = PBXBuildFile; fileRef = BEAB825329EE591D00B910D2 /* SpotARNavigationViewControllerDelegate.swift */; };
		BEB931B629ED061E00C105D3 /* Main.storyboard in Resources */ = {isa = PBXBuildFile; fileRef = BEB931B529ED061E00C105D3 /* Main.storyboard */; };
		BED4ACDD2A1C67FD004F0AAC /* CustomUINavigaitonController.swift in Sources */ = {isa = PBXBuildFile; fileRef = BED4ACDC2A1C67FD004F0AAC /* CustomUINavigaitonController.swift */; };
		BED4ACDF2A1C6C3F004F0AAC /* CustomView.storyboard in Resources */ = {isa = PBXBuildFile; fileRef = BED4ACDE2A1C6C3F004F0AAC /* CustomView.storyboard */; };
		BED4ACE12A1C6D04004F0AAC /* CustomUIView.swift in Sources */ = {isa = PBXBuildFile; fileRef = BED4ACE02A1C6D04004F0AAC /* CustomUIView.swift */; };
		BEF5F73929E941BA0005E9A6 /* AppDelegate.swift in Sources */ = {isa = PBXBuildFile; fileRef = BEF5F73829E941BA0005E9A6 /* AppDelegate.swift */; };
		BEF5F73B29E941BA0005E9A6 /* SceneDelegate.swift in Sources */ = {isa = PBXBuildFile; fileRef = BEF5F73A29E941BA0005E9A6 /* SceneDelegate.swift */; };
		BEF5F73D29E941BA0005E9A6 /* ViewController.swift in Sources */ = {isa = PBXBuildFile; fileRef = BEF5F73C29E941BA0005E9A6 /* ViewController.swift */; };
		BEF5F74229E941BB0005E9A6 /* Assets.xcassets in Resources */ = {isa = PBXBuildFile; fileRef = BEF5F74129E941BB0005E9A6 /* Assets.xcassets */; };
		BEF5F74529E941BB0005E9A6 /* LaunchScreen.storyboard in Resources */ = {isa = PBXBuildFile; fileRef = BEF5F74329E941BB0005E9A6 /* LaunchScreen.storyboard */; };
/* End PBXBuildFile section */

/* Begin PBXCopyFilesBuildPhase section */
		BE9F6F5B29ECE862008E31FD /* Embed Frameworks */ = {
			isa = PBXCopyFilesBuildPhase;
			buildActionMask = 2147483647;
			dstPath = "";
			dstSubfolderSpec = 10;
			files = (
				BE09FB722A2D88F500BDEB8E /* MapboxSpeech.xcframework in Embed Frameworks */,
				BE09FB762A2D88F800BDEB8E /* Solar.xcframework in Embed Frameworks */,
				BE01A40D2A737F8E007E9A9C /* VietMapNavigation.xcframework in Embed Frameworks */,
				BE09FB6A2A2D88E600BDEB8E /* MapboxDirections.xcframework in Embed Frameworks */,
				BE09FB6C2A2D88E800BDEB8E /* MapboxGeocoder.xcframework in Embed Frameworks */,
				BE09FB782A2D88F900BDEB8E /* Turf.xcframework in Embed Frameworks */,
				BE09FB742A2D88F600BDEB8E /* Polyline.xcframework in Embed Frameworks */,
				BE01A40B2A737F8C007E9A9C /* VietMapCoreNavigation.xcframework in Embed Frameworks */,
			);
			name = "Embed Frameworks";
			runOnlyForDeploymentPostprocessing = 0;
		};
/* End PBXCopyFilesBuildPhase section */

/* Begin PBXFileReference section */
		5B0B0572AE1196B8E7DA7B97 /* Pods-VietmapNavigationSample.debug.xcconfig */ = {isa = PBXFileReference; includeInIndex = 1; lastKnownFileType = text.xcconfig; name = "Pods-VietmapNavigationSample.debug.xcconfig"; path = "Target Support Files/Pods-VietmapNavigationSample/Pods-VietmapNavigationSample.debug.xcconfig"; sourceTree = "<group>"; };
		63A5C8BF3E4F5AD2B282A957 /* Pods_VietmapNavigationSample.framework */ = {isa = PBXFileReference; explicitFileType = wrapper.framework; includeInIndex = 0; path = Pods_VietmapNavigationSample.framework; sourceTree = BUILT_PRODUCTS_DIR; };
		B7FD87BEBF149EBBA6FF454A /* Pods-VietmapNavigationSample.release.xcconfig */ = {isa = PBXFileReference; includeInIndex = 1; lastKnownFileType = text.xcconfig; name = "Pods-VietmapNavigationSample.release.xcconfig"; path = "Target Support Files/Pods-VietmapNavigationSample/Pods-VietmapNavigationSample.release.xcconfig"; sourceTree = "<group>"; };
		BE01A4062A737F7E007E9A9C /* VietMapCoreNavigation.xcframework */ = {isa = PBXFileReference; lastKnownFileType = wrapper.xcframework; name = VietMapCoreNavigation.xcframework; path = Carthage/Build/VietMapCoreNavigation.xcframework; sourceTree = "<group>"; };
		BE01A4072A737F7E007E9A9C /* VietMapNavigation.xcframework */ = {isa = PBXFileReference; lastKnownFileType = wrapper.xcframework; name = VietMapNavigation.xcframework; path = Carthage/Build/VietMapNavigation.xcframework; sourceTree = "<group>"; };
		BE09FB562A2D88E000BDEB8E /* Polyline.xcframework */ = {isa = PBXFileReference; lastKnownFileType = wrapper.xcframework; name = Polyline.xcframework; path = Carthage/Build/Polyline.xcframework; sourceTree = "<group>"; };
		BE09FB572A2D88E000BDEB8E /* Solar.xcframework */ = {isa = PBXFileReference; lastKnownFileType = wrapper.xcframework; name = Solar.xcframework; path = Carthage/Build/Solar.xcframework; sourceTree = "<group>"; };
		BE09FB582A2D88E000BDEB8E /* MapboxGeocoder.xcframework */ = {isa = PBXFileReference; lastKnownFileType = wrapper.xcframework; name = MapboxGeocoder.xcframework; path = Carthage/Build/MapboxGeocoder.xcframework; sourceTree = "<group>"; };
		BE09FB592A2D88E000BDEB8E /* MapboxDirections.xcframework */ = {isa = PBXFileReference; lastKnownFileType = wrapper.xcframework; name = MapboxDirections.xcframework; path = Carthage/Build/MapboxDirections.xcframework; sourceTree = "<group>"; };
		BE09FB5A2A2D88E000BDEB8E /* MapboxSpeech.xcframework */ = {isa = PBXFileReference; lastKnownFileType = wrapper.xcframework; name = MapboxSpeech.xcframework; path = Carthage/Build/MapboxSpeech.xcframework; sourceTree = "<group>"; };
		BE09FB5D2A2D88E000BDEB8E /* Turf.xcframework */ = {isa = PBXFileReference; lastKnownFileType = wrapper.xcframework; name = Turf.xcframework; path = Carthage/Build/Turf.xcframework; sourceTree = "<group>"; };
		BEA06EC42A4A9EBC00B89772 /* LocationModel.swift */ = {isa = PBXFileReference; lastKnownFileType = sourcecode.swift; path = LocationModel.swift; sourceTree = "<group>"; };
		BEAB824F29EE591D00B910D2 /* SpotARVisualInstructionDelegate.swift */ = {isa = PBXFileReference; fileEncoding = 4; lastKnownFileType = sourcecode.swift; path = SpotARVisualInstructionDelegate.swift; sourceTree = "<group>"; };
		BEAB825029EE591D00B910D2 /* SpotARNavigationViewController.swift */ = {isa = PBXFileReference; fileEncoding = 4; lastKnownFileType = sourcecode.swift; path = SpotARNavigationViewController.swift; sourceTree = "<group>"; };
		BEAB825129EE591D00B910D2 /* SpotARVoiceControllerDelegate.swift */ = {isa = PBXFileReference; fileEncoding = 4; lastKnownFileType = sourcecode.swift; path = SpotARVoiceControllerDelegate.swift; sourceTree = "<group>"; };
		BEAB825229EE591D00B910D2 /* SpotARNavigationUIDelegate.swift */ = {isa = PBXFileReference; fileEncoding = 4; lastKnownFileType = sourcecode.swift; path = SpotARNavigationUIDelegate.swift; sourceTree = "<group>"; };
		BEAB825329EE591D00B910D2 /* SpotARNavigationViewControllerDelegate.swift */ = {isa = PBXFileReference; fileEncoding = 4; lastKnownFileType = sourcecode.swift; path = SpotARNavigationViewControllerDelegate.swift; sourceTree = "<group>"; };
		BEB931B529ED061E00C105D3 /* Main.storyboard */ = {isa = PBXFileReference; fileEncoding = 4; lastKnownFileType = file.storyboard; path = Main.storyboard; sourceTree = "<group>"; };
		BED4ACDC2A1C67FD004F0AAC /* CustomUINavigaitonController.swift */ = {isa = PBXFileReference; lastKnownFileType = sourcecode.swift; path = CustomUINavigaitonController.swift; sourceTree = "<group>"; };
		BED4ACDE2A1C6C3F004F0AAC /* CustomView.storyboard */ = {isa = PBXFileReference; lastKnownFileType = file.storyboard; path = CustomView.storyboard; sourceTree = "<group>"; };
		BED4ACE02A1C6D04004F0AAC /* CustomUIView.swift */ = {isa = PBXFileReference; lastKnownFileType = sourcecode.swift; path = CustomUIView.swift; sourceTree = "<group>"; };
		BEF5F73529E941BA0005E9A6 /* VietmapNavigationSample.app */ = {isa = PBXFileReference; explicitFileType = wrapper.application; includeInIndex = 0; path = VietmapNavigationSample.app; sourceTree = BUILT_PRODUCTS_DIR; };
		BEF5F73829E941BA0005E9A6 /* AppDelegate.swift */ = {isa = PBXFileReference; lastKnownFileType = sourcecode.swift; path = AppDelegate.swift; sourceTree = "<group>"; };
		BEF5F73A29E941BA0005E9A6 /* SceneDelegate.swift */ = {isa = PBXFileReference; lastKnownFileType = sourcecode.swift; path = SceneDelegate.swift; sourceTree = "<group>"; };
		BEF5F73C29E941BA0005E9A6 /* ViewController.swift */ = {isa = PBXFileReference; lastKnownFileType = sourcecode.swift; path = ViewController.swift; sourceTree = "<group>"; };
		BEF5F74129E941BB0005E9A6 /* Assets.xcassets */ = {isa = PBXFileReference; lastKnownFileType = folder.assetcatalog; path = Assets.xcassets; sourceTree = "<group>"; };
		BEF5F74429E941BB0005E9A6 /* Base */ = {isa = PBXFileReference; lastKnownFileType = file.storyboard; name = Base; path = Base.lproj/LaunchScreen.storyboard; sourceTree = "<group>"; };
		BEF5F74629E941BB0005E9A6 /* Info.plist */ = {isa = PBXFileReference; lastKnownFileType = text.plist.xml; path = Info.plist; sourceTree = "<group>"; };
/* End PBXFileReference section */

/* Begin PBXFrameworksBuildPhase section */
		BEF5F73229E941BA0005E9A6 /* Frameworks */ = {
			isa = PBXFrameworksBuildPhase;
			buildActionMask = 2147483647;
			files = (
				BE09FB692A2D88E600BDEB8E /* MapboxDirections.xcframework in Frameworks */,
				BE09FB732A2D88F600BDEB8E /* Polyline.xcframework in Frameworks */,
				BE09FB712A2D88F500BDEB8E /* MapboxSpeech.xcframework in Frameworks */,
				BE09FB6B2A2D88E800BDEB8E /* MapboxGeocoder.xcframework in Frameworks */,
				BE09FB772A2D88F900BDEB8E /* Turf.xcframework in Frameworks */,
				BE01A40C2A737F8E007E9A9C /* VietMapNavigation.xcframework in Frameworks */,
				BE01A40A2A737F8C007E9A9C /* VietMapCoreNavigation.xcframework in Frameworks */,
				BE09FB752A2D88F800BDEB8E /* Solar.xcframework in Frameworks */,
				0BCA885452282E73FB0BF121 /* Pods_VietmapNavigationSample.framework in Frameworks */,
			);
			runOnlyForDeploymentPostprocessing = 0;
		};
/* End PBXFrameworksBuildPhase section */

/* Begin PBXGroup section */
		899746B07CC46299812BDB72 /* Pods */ = {
			isa = PBXGroup;
			children = (
				5B0B0572AE1196B8E7DA7B97 /* Pods-VietmapNavigationSample.debug.xcconfig */,
				B7FD87BEBF149EBBA6FF454A /* Pods-VietmapNavigationSample.release.xcconfig */,
			);
			path = Pods;
			sourceTree = "<group>";
		};
		BE9F6F5729ECE861008E31FD /* Frameworks */ = {
			isa = PBXGroup;
			children = (
				BE09FB592A2D88E000BDEB8E /* MapboxDirections.xcframework */,
				BE09FB582A2D88E000BDEB8E /* MapboxGeocoder.xcframework */,
				BE09FB5A2A2D88E000BDEB8E /* MapboxSpeech.xcframework */,
				BE01A4062A737F7E007E9A9C /* VietMapCoreNavigation.xcframework */,
				BE01A4072A737F7E007E9A9C /* VietMapNavigation.xcframework */,
				BE09FB562A2D88E000BDEB8E /* Polyline.xcframework */,
				BE09FB572A2D88E000BDEB8E /* Solar.xcframework */,
				BE09FB5D2A2D88E000BDEB8E /* Turf.xcframework */,
				63A5C8BF3E4F5AD2B282A957 /* Pods_VietmapNavigationSample.framework */,
			);
			name = Frameworks;
			sourceTree = "<group>";
		};
		BEA06EC32A4A9EA200B89772 /* model */ = {
			isa = PBXGroup;
			children = (
				BEA06EC42A4A9EBC00B89772 /* LocationModel.swift */,
			);
			path = model;
			sourceTree = "<group>";
		};
		BED4ACDB2A1C67CA004F0AAC /* CustomUI */ = {
			isa = PBXGroup;
			children = (
				BED4ACDC2A1C67FD004F0AAC /* CustomUINavigaitonController.swift */,
				BED4ACDE2A1C6C3F004F0AAC /* CustomView.storyboard */,
				BED4ACE02A1C6D04004F0AAC /* CustomUIView.swift */,
			);
			path = CustomUI;
			sourceTree = "<group>";
		};
		BEF5F72C29E941BA0005E9A6 = {
			isa = PBXGroup;
			children = (
				BEF5F73729E941BA0005E9A6 /* VietmapNavigationSample */,
				BEF5F73629E941BA0005E9A6 /* Products */,
				BE9F6F5729ECE861008E31FD /* Frameworks */,
				899746B07CC46299812BDB72 /* Pods */,
			);
			sourceTree = "<group>";
		};
		BEF5F73629E941BA0005E9A6 /* Products */ = {
			isa = PBXGroup;
			children = (
				BEF5F73529E941BA0005E9A6 /* VietmapNavigationSample.app */,
			);
			name = Products;
			sourceTree = "<group>";
		};
		BEF5F73729E941BA0005E9A6 /* VietmapNavigationSample */ = {
			isa = PBXGroup;
			children = (
				BEA06EC32A4A9EA200B89772 /* model */,
				BED4ACDB2A1C67CA004F0AAC /* CustomUI */,
				BEAB825229EE591D00B910D2 /* SpotARNavigationUIDelegate.swift */,
				BEAB825029EE591D00B910D2 /* SpotARNavigationViewController.swift */,
				BEAB825329EE591D00B910D2 /* SpotARNavigationViewControllerDelegate.swift */,
				BEAB824F29EE591D00B910D2 /* SpotARVisualInstructionDelegate.swift */,
				BEAB825129EE591D00B910D2 /* SpotARVoiceControllerDelegate.swift */,
				BEF5F73A29E941BA0005E9A6 /* SceneDelegate.swift */,
				BEB931B529ED061E00C105D3 /* Main.storyboard */,
				BEF5F73C29E941BA0005E9A6 /* ViewController.swift */,
				BEF5F74129E941BB0005E9A6 /* Assets.xcassets */,
				BEF5F74329E941BB0005E9A6 /* LaunchScreen.storyboard */,
				BEF5F74629E941BB0005E9A6 /* Info.plist */,
				BEF5F73829E941BA0005E9A6 /* AppDelegate.swift */,
			);
			path = VietmapNavigationSample;
			sourceTree = "<group>";
		};
/* End PBXGroup section */

/* Begin PBXNativeTarget section */
		BEF5F73429E941BA0005E9A6 /* VietmapNavigationSample */ = {
			isa = PBXNativeTarget;
			buildConfigurationList = BEF5F74929E941BB0005E9A6 /* Build configuration list for PBXNativeTarget "VietmapNavigationSample" */;
			buildPhases = (
				24A18A078CB83F6E88D6631E /* [CP] Check Pods Manifest.lock */,
				BEF5F73129E941BA0005E9A6 /* Sources */,
				BEF5F73229E941BA0005E9A6 /* Frameworks */,
				BEF5F73329E941BA0005E9A6 /* Resources */,
				BE9F6F5B29ECE862008E31FD /* Embed Frameworks */,
				54CBDDC49EF2FEE4946209E2 /* [CP] Embed Pods Frameworks */,
			);
			buildRules = (
			);
			dependencies = (
			);
			name = VietmapNavigationSample;
			packageProductDependencies = (
			);
			productName = VietmapNavigationSample;
			productReference = BEF5F73529E941BA0005E9A6 /* VietmapNavigationSample.app */;
			productType = "com.apple.product-type.application";
		};
/* End PBXNativeTarget section */

/* Begin PBXProject section */
		BEF5F72D29E941BA0005E9A6 /* Project object */ = {
			isa = PBXProject;
			attributes = {
				BuildIndependentTargetsInParallel = 1;
				LastSwiftUpdateCheck = 1430;
				LastUpgradeCheck = 1430;
				TargetAttributes = {
					BEF5F73429E941BA0005E9A6 = {
						CreatedOnToolsVersion = 14.3;
					};
				};
			};
			buildConfigurationList = BEF5F73029E941BA0005E9A6 /* Build configuration list for PBXProject "VietmapNavigationSample" */;
			compatibilityVersion = "Xcode 14.0";
			developmentRegion = en;
			hasScannedForEncodings = 0;
			knownRegions = (
				en,
				Base,
			);
			mainGroup = BEF5F72C29E941BA0005E9A6;
			packageReferences = (
			);
			productRefGroup = BEF5F73629E941BA0005E9A6 /* Products */;
			projectDirPath = "";
			projectRoot = "";
			targets = (
				BEF5F73429E941BA0005E9A6 /* VietmapNavigationSample */,
			);
		};
/* End PBXProject section */

/* Begin PBXResourcesBuildPhase section */
		BEF5F73329E941BA0005E9A6 /* Resources */ = {
			isa = PBXResourcesBuildPhase;
			buildActionMask = 2147483647;
			files = (
				BEB931B629ED061E00C105D3 /* Main.storyboard in Resources */,
				BEF5F74529E941BB0005E9A6 /* LaunchScreen.storyboard in Resources */,
				BED4ACDF2A1C6C3F004F0AAC /* CustomView.storyboard in Resources */,
				BEF5F74229E941BB0005E9A6 /* Assets.xcassets in Resources */,
			);
			runOnlyForDeploymentPostprocessing = 0;
		};
/* End PBXResourcesBuildPhase section */

/* Begin PBXShellScriptBuildPhase section */
		24A18A078CB83F6E88D6631E /* [CP] Check Pods Manifest.lock */ = {
			isa = PBXShellScriptBuildPhase;
			buildActionMask = 2147483647;
			files = (
			);
			inputFileListPaths = (
			);
			inputPaths = (
				"${PODS_PODFILE_DIR_PATH}/Podfile.lock",
				"${PODS_ROOT}/Manifest.lock",
			);
			name = "[CP] Check Pods Manifest.lock";
			outputFileListPaths = (
			);
			outputPaths = (
				"$(DERIVED_FILE_DIR)/Pods-VietmapNavigationSample-checkManifestLockResult.txt",
			);
			runOnlyForDeploymentPostprocessing = 0;
			shellPath = /bin/sh;
			shellScript = "diff \"${PODS_PODFILE_DIR_PATH}/Podfile.lock\" \"${PODS_ROOT}/Manifest.lock\" > /dev/null\nif [ $? != 0 ] ; then\n    # print error to STDERR\n    echo \"error: The sandbox is not in sync with the Podfile.lock. Run 'pod install' or update your CocoaPods installation.\" >&2\n    exit 1\nfi\n# This output is used by Xcode 'outputs' to avoid re-running this script phase.\necho \"SUCCESS\" > \"${SCRIPT_OUTPUT_FILE_0}\"\n";
			showEnvVarsInLog = 0;
		};
		54CBDDC49EF2FEE4946209E2 /* [CP] Embed Pods Frameworks */ = {
			isa = PBXShellScriptBuildPhase;
			buildActionMask = 2147483647;
			files = (
			);
			inputFileListPaths = (
				"${PODS_ROOT}/Target Support Files/Pods-VietmapNavigationSample/Pods-VietmapNavigationSample-frameworks-${CONFIGURATION}-input-files.xcfilelist",
			);
			name = "[CP] Embed Pods Frameworks";
			outputFileListPaths = (
				"${PODS_ROOT}/Target Support Files/Pods-VietmapNavigationSample/Pods-VietmapNavigationSample-frameworks-${CONFIGURATION}-output-files.xcfilelist",
			);
			runOnlyForDeploymentPostprocessing = 0;
			shellPath = /bin/sh;
			shellScript = "\"${PODS_ROOT}/Target Support Files/Pods-VietmapNavigationSample/Pods-VietmapNavigationSample-frameworks.sh\"\n";
			showEnvVarsInLog = 0;
		};
/* End PBXShellScriptBuildPhase section */

/* Begin PBXSourcesBuildPhase section */
		BEF5F73129E941BA0005E9A6 /* Sources */ = {
			isa = PBXSourcesBuildPhase;
			buildActionMask = 2147483647;
			files = (
				BEAB825629EE591E00B910D2 /* SpotARVoiceControllerDelegate.swift in Sources */,
				BED4ACE12A1C6D04004F0AAC /* CustomUIView.swift in Sources */,
				BEAB825729EE591E00B910D2 /* SpotARNavigationUIDelegate.swift in Sources */,
				BEAB825829EE591E00B910D2 /* SpotARNavigationViewControllerDelegate.swift in Sources */,
				BEF5F73D29E941BA0005E9A6 /* ViewController.swift in Sources */,
				BEA06EC52A4A9EBC00B89772 /* LocationModel.swift in Sources */,
				BEF5F73929E941BA0005E9A6 /* AppDelegate.swift in Sources */,
				BEAB825529EE591E00B910D2 /* SpotARNavigationViewController.swift in Sources */,
				BEAB825429EE591E00B910D2 /* SpotARVisualInstructionDelegate.swift in Sources */,
				BED4ACDD2A1C67FD004F0AAC /* CustomUINavigaitonController.swift in Sources */,
				BEF5F73B29E941BA0005E9A6 /* SceneDelegate.swift in Sources */,
			);
			runOnlyForDeploymentPostprocessing = 0;
		};
/* End PBXSourcesBuildPhase section */

/* Begin PBXVariantGroup section */
		BEF5F74329E941BB0005E9A6 /* LaunchScreen.storyboard */ = {
			isa = PBXVariantGroup;
			children = (
				BEF5F74429E941BB0005E9A6 /* Base */,
			);
			name = LaunchScreen.storyboard;
			sourceTree = "<group>";
		};
/* End PBXVariantGroup section */

/* Begin XCBuildConfiguration section */
		BEF5F74729E941BB0005E9A6 /* Debug */ = {
			isa = XCBuildConfiguration;
			buildSettings = {
				ALWAYS_SEARCH_USER_PATHS = NO;
				CLANG_ANALYZER_NONNULL = YES;
				CLANG_ANALYZER_NUMBER_OBJECT_CONVERSION = YES_AGGRESSIVE;
				CLANG_CXX_LANGUAGE_STANDARD = "gnu++20";
				CLANG_ENABLE_MODULES = YES;
				CLANG_ENABLE_OBJC_ARC = YES;
				CLANG_ENABLE_OBJC_WEAK = YES;
				CLANG_WARN_BLOCK_CAPTURE_AUTORELEASING = YES;
				CLANG_WARN_BOOL_CONVERSION = YES;
				CLANG_WARN_COMMA = YES;
				CLANG_WARN_CONSTANT_CONVERSION = YES;
				CLANG_WARN_DEPRECATED_OBJC_IMPLEMENTATIONS = YES;
				CLANG_WARN_DIRECT_OBJC_ISA_USAGE = YES_ERROR;
				CLANG_WARN_DOCUMENTATION_COMMENTS = YES;
				CLANG_WARN_EMPTY_BODY = YES;
				CLANG_WARN_ENUM_CONVERSION = YES;
				CLANG_WARN_INFINITE_RECURSION = YES;
				CLANG_WARN_INT_CONVERSION = YES;
				CLANG_WARN_NON_LITERAL_NULL_CONVERSION = YES;
				CLANG_WARN_OBJC_IMPLICIT_RETAIN_SELF = YES;
				CLANG_WARN_OBJC_LITERAL_CONVERSION = YES;
				CLANG_WARN_OBJC_ROOT_CLASS = YES_ERROR;
				CLANG_WARN_QUOTED_INCLUDE_IN_FRAMEWORK_HEADER = YES;
				CLANG_WARN_RANGE_LOOP_ANALYSIS = YES;
				CLANG_WARN_STRICT_PROTOTYPES = YES;
				CLANG_WARN_SUSPICIOUS_MOVE = YES;
				CLANG_WARN_UNGUARDED_AVAILABILITY = YES_AGGRESSIVE;
				CLANG_WARN_UNREACHABLE_CODE = YES;
				CLANG_WARN__DUPLICATE_METHOD_MATCH = YES;
				COPY_PHASE_STRIP = NO;
				DEBUG_INFORMATION_FORMAT = dwarf;
				ENABLE_STRICT_OBJC_MSGSEND = YES;
				ENABLE_TESTABILITY = YES;
				GCC_C_LANGUAGE_STANDARD = gnu11;
				GCC_DYNAMIC_NO_PIC = NO;
				GCC_NO_COMMON_BLOCKS = YES;
				GCC_OPTIMIZATION_LEVEL = 0;
				GCC_PREPROCESSOR_DEFINITIONS = (
					"DEBUG=1",
					"$(inherited)",
				);
				GCC_WARN_64_TO_32_BIT_CONVERSION = YES;
				GCC_WARN_ABOUT_RETURN_TYPE = YES_ERROR;
				GCC_WARN_UNDECLARED_SELECTOR = YES;
				GCC_WARN_UNINITIALIZED_AUTOS = YES_AGGRESSIVE;
				GCC_WARN_UNUSED_FUNCTION = YES;
				GCC_WARN_UNUSED_VARIABLE = YES;
				IPHONEOS_DEPLOYMENT_TARGET = 13.0;
				MTL_ENABLE_DEBUG_INFO = INCLUDE_SOURCE;
				MTL_FAST_MATH = YES;
				ONLY_ACTIVE_ARCH = YES;
				SDKROOT = iphoneos;
				SWIFT_ACTIVE_COMPILATION_CONDITIONS = DEBUG;
				SWIFT_OPTIMIZATION_LEVEL = "-Onone";
			};
			name = Debug;
		};
		BEF5F74829E941BB0005E9A6 /* Release */ = {
			isa = XCBuildConfiguration;
			buildSettings = {
				ALWAYS_SEARCH_USER_PATHS = NO;
				CLANG_ANALYZER_NONNULL = YES;
				CLANG_ANALYZER_NUMBER_OBJECT_CONVERSION = YES_AGGRESSIVE;
				CLANG_CXX_LANGUAGE_STANDARD = "gnu++20";
				CLANG_ENABLE_MODULES = YES;
				CLANG_ENABLE_OBJC_ARC = YES;
				CLANG_ENABLE_OBJC_WEAK = YES;
				CLANG_WARN_BLOCK_CAPTURE_AUTORELEASING = YES;
				CLANG_WARN_BOOL_CONVERSION = YES;
				CLANG_WARN_COMMA = YES;
				CLANG_WARN_CONSTANT_CONVERSION = YES;
				CLANG_WARN_DEPRECATED_OBJC_IMPLEMENTATIONS = YES;
				CLANG_WARN_DIRECT_OBJC_ISA_USAGE = YES_ERROR;
				CLANG_WARN_DOCUMENTATION_COMMENTS = YES;
				CLANG_WARN_EMPTY_BODY = YES;
				CLANG_WARN_ENUM_CONVERSION = YES;
				CLANG_WARN_INFINITE_RECURSION = YES;
				CLANG_WARN_INT_CONVERSION = YES;
				CLANG_WARN_NON_LITERAL_NULL_CONVERSION = YES;
				CLANG_WARN_OBJC_IMPLICIT_RETAIN_SELF = YES;
				CLANG_WARN_OBJC_LITERAL_CONVERSION = YES;
				CLANG_WARN_OBJC_ROOT_CLASS = YES_ERROR;
				CLANG_WARN_QUOTED_INCLUDE_IN_FRAMEWORK_HEADER = YES;
				CLANG_WARN_RANGE_LOOP_ANALYSIS = YES;
				CLANG_WARN_STRICT_PROTOTYPES = YES;
				CLANG_WARN_SUSPICIOUS_MOVE = YES;
				CLANG_WARN_UNGUARDED_AVAILABILITY = YES_AGGRESSIVE;
				CLANG_WARN_UNREACHABLE_CODE = YES;
				CLANG_WARN__DUPLICATE_METHOD_MATCH = YES;
				COPY_PHASE_STRIP = NO;
				DEBUG_INFORMATION_FORMAT = "dwarf-with-dsym";
				ENABLE_NS_ASSERTIONS = NO;
				ENABLE_STRICT_OBJC_MSGSEND = YES;
				GCC_C_LANGUAGE_STANDARD = gnu11;
				GCC_NO_COMMON_BLOCKS = YES;
				GCC_WARN_64_TO_32_BIT_CONVERSION = YES;
				GCC_WARN_ABOUT_RETURN_TYPE = YES_ERROR;
				GCC_WARN_UNDECLARED_SELECTOR = YES;
				GCC_WARN_UNINITIALIZED_AUTOS = YES_AGGRESSIVE;
				GCC_WARN_UNUSED_FUNCTION = YES;
				GCC_WARN_UNUSED_VARIABLE = YES;
				IPHONEOS_DEPLOYMENT_TARGET = 13.0;
				MTL_ENABLE_DEBUG_INFO = NO;
				MTL_FAST_MATH = YES;
				SDKROOT = iphoneos;
				SWIFT_COMPILATION_MODE = wholemodule;
				SWIFT_OPTIMIZATION_LEVEL = "-O";
				VALIDATE_PRODUCT = YES;
			};
			name = Release;
		};
		BEF5F74A29E941BB0005E9A6 /* Debug */ = {
			isa = XCBuildConfiguration;
			baseConfigurationReference = 5B0B0572AE1196B8E7DA7B97 /* Pods-VietmapNavigationSample.debug.xcconfig */;
			buildSettings = {
				ASSETCATALOG_COMPILER_APPICON_NAME = AppIcon;
				ASSETCATALOG_COMPILER_GLOBAL_ACCENT_COLOR_NAME = AccentColor;
				CODE_SIGN_IDENTITY = "Apple Development";
				CODE_SIGN_STYLE = Automatic;
				CURRENT_PROJECT_VERSION = 12;
				DEVELOPMENT_TEAM = 44G4R58CHN;
				FRAMEWORK_SEARCH_PATHS = (
					"$(inherited)",
					"$(PROJECT_DIR)",
					"$(PROJECT_DIR)/VietmapNavigationSample",
				);
				GENERATE_INFOPLIST_FILE = YES;
				INFOPLIST_FILE = VietmapNavigationSample/Info.plist;
				INFOPLIST_KEY_NSLocationWhenInUseUsageDescription = "Needed for the location permission";
				INFOPLIST_KEY_UIApplicationSupportsIndirectInputEvents = YES;
				INFOPLIST_KEY_UILaunchStoryboardName = LaunchScreen;
				INFOPLIST_KEY_UIMainStoryboardFile = Main;
				INFOPLIST_KEY_UISupportedInterfaceOrientations_iPad = "UIInterfaceOrientationPortrait UIInterfaceOrientationPortraitUpsideDown UIInterfaceOrientationLandscapeLeft UIInterfaceOrientationLandscapeRight";
				INFOPLIST_KEY_UISupportedInterfaceOrientations_iPhone = "UIInterfaceOrientationPortrait UIInterfaceOrientationLandscapeLeft UIInterfaceOrientationLandscapeRight";
				LD_RUNPATH_SEARCH_PATHS = (
					"$(inherited)",
					"@executable_path/Frameworks",
				);
				MARKETING_VERSION = 1.0;
				PRODUCT_BUNDLE_IDENTIFIER = com.vietmap.navigaiton.VietmapSampleNavigation;
				PRODUCT_NAME = "$(TARGET_NAME)";
				PROVISIONING_PROFILE_SPECIFIER = "";
				SWIFT_EMIT_LOC_STRINGS = YES;
				SWIFT_VERSION = 5.0;
				TARGETED_DEVICE_FAMILY = "1,2";
			};
			name = Debug;
		};
		BEF5F74B29E941BB0005E9A6 /* Release */ = {
			isa = XCBuildConfiguration;
			baseConfigurationReference = B7FD87BEBF149EBBA6FF454A /* Pods-VietmapNavigationSample.release.xcconfig */;
			buildSettings = {
				ASSETCATALOG_COMPILER_APPICON_NAME = AppIcon;
				ASSETCATALOG_COMPILER_GLOBAL_ACCENT_COLOR_NAME = AccentColor;
				CODE_SIGN_IDENTITY = "Apple Development";
				CODE_SIGN_STYLE = Automatic;
				CURRENT_PROJECT_VERSION = 12;
				DEVELOPMENT_TEAM = 44G4R58CHN;
				FRAMEWORK_SEARCH_PATHS = (
					"$(inherited)",
					"$(PROJECT_DIR)",
					"$(PROJECT_DIR)/VietmapNavigationSample",
				);
				GENERATE_INFOPLIST_FILE = YES;
				INFOPLIST_FILE = VietmapNavigationSample/Info.plist;
				INFOPLIST_KEY_NSLocationWhenInUseUsageDescription = "Needed for the location permission";
				INFOPLIST_KEY_UIApplicationSupportsIndirectInputEvents = YES;
				INFOPLIST_KEY_UILaunchStoryboardName = LaunchScreen;
				INFOPLIST_KEY_UIMainStoryboardFile = Main;
				INFOPLIST_KEY_UISupportedInterfaceOrientations_iPad = "UIInterfaceOrientationPortrait UIInterfaceOrientationPortraitUpsideDown UIInterfaceOrientationLandscapeLeft UIInterfaceOrientationLandscapeRight";
				INFOPLIST_KEY_UISupportedInterfaceOrientations_iPhone = "UIInterfaceOrientationPortrait UIInterfaceOrientationLandscapeLeft UIInterfaceOrientationLandscapeRight";
				LD_RUNPATH_SEARCH_PATHS = (
					"$(inherited)",
					"@executable_path/Frameworks",
				);
				MARKETING_VERSION = 1.0;
				PRODUCT_BUNDLE_IDENTIFIER = com.vietmap.navigaiton.VietmapSampleNavigation;
				PRODUCT_NAME = "$(TARGET_NAME)";
				PROVISIONING_PROFILE_SPECIFIER = "";
				SWIFT_EMIT_LOC_STRINGS = YES;
				SWIFT_VERSION = 5.0;
				TARGETED_DEVICE_FAMILY = "1,2";
			};
			name = Release;
		};
/* End XCBuildConfiguration section */

/* Begin XCConfigurationList section */
		BEF5F73029E941BA0005E9A6 /* Build configuration list for PBXProject "VietmapNavigationSample" */ = {
			isa = XCConfigurationList;
			buildConfigurations = (
				BEF5F74729E941BB0005E9A6 /* Debug */,
				BEF5F74829E941BB0005E9A6 /* Release */,
			);
			defaultConfigurationIsVisible = 0;
			defaultConfigurationName = Release;
		};
		BEF5F74929E941BB0005E9A6 /* Build configuration list for PBXNativeTarget "VietmapNavigationSample" */ = {
			isa = XCConfigurationList;
			buildConfigurations = (
				BEF5F74A29E941BB0005E9A6 /* Debug */,
				BEF5F74B29E941BB0005E9A6 /* Release */,
			);
			defaultConfigurationIsVisible = 0;
			defaultConfigurationName = Release;
		};
/* End XCConfigurationList section */
	};
	rootObject = BEF5F72D29E941BA0005E9A6 /* Project object */;
}
